
Microsoft Visual Studio Solution File, Format Version 12.00
# Visual Studio 15
VisualStudioVersion = 15.0.27130.2010
MinimumVisualStudioVersion = 10.0.40219.1
Project("{9A19103F-16F7-4668-BE54-9A1E7A4F7556}") = "FunctionsActionsLambdas.Examples", "FunctionsActionsLambdas.Examples\FunctionsActionsLambdas.Examples.csproj", "{29780631-970F-4401-B1E1-9776864C5AF0}"
EndProject
Project("{FAE04EC0-301F-11D3-BF4B-00C04F79EFBC}") = "FunctionsActionsLambdas.ConsoleApplication", "FunctionsActionsLambdas.ConsoleApplication\FunctionsActionsLambdas.ConsoleApplication.csproj", "{4E23097D-481E-43B5-A5D1-5560C464D63A}"
EndProject
Global
	GlobalSection(SolutionConfigurationPlatforms) = preSolution
		Debug|Any CPU = Debug|Any CPU
		Release|Any CPU = Release|Any CPU
	EndGlobalSection
	GlobalSection(ProjectConfigurationPlatforms) = postSolution
		{29780631-970F-4401-B1E1-9776864C5AF0}.Debug|Any CPU.ActiveCfg = Debug|Any CPU
		{29780631-970F-4401-B1E1-9776864C5AF0}.Debug|Any CPU.Build.0 = Debug|Any CPU
		{29780631-970F-4401-B1E1-9776864C5AF0}.Release|Any CPU.ActiveCfg = Release|Any CPU
		{29780631-970F-4401-B1E1-9776864C5AF0}.Release|Any CPU.Build.0 = Release|Any CPU
		{4E23097D-481E-43B5-A5D1-5560C464D63A}.Debug|Any CPU.ActiveCfg = Debug|Any CPU
		{4E23097D-481E-43B5-A5D1-5560C464D63A}.Debug|Any CPU.Build.0 = Debug|Any CPU
		{4E23097D-481E-43B5-A5D1-5560C464D63A}.Release|Any CPU.ActiveCfg = Release|Any CPU
		{4E23097D-481E-43B5-A5D1-5560C464D63A}.Release|Any CPU.Build.0 = Release|Any CPU
	EndGlobalSection
	GlobalSection(SolutionProperties) = preSolution
		HideSolutionNode = FALSE
	EndGlobalSection
	GlobalSection(ExtensibilityGlobals) = postSolution
		SolutionGuid = {DB5C57FC-32C8-4714-AF7E-8192AEB4F7B2}
	EndGlobalSection
EndGlobal
